
Microsoft Visual Studio Solution File, Format Version 12.00
# Visual Studio Version 17
VisualStudioVersion = 17.14.36811.4 d17.14
MinimumVisualStudioVersion = 10.0.40219.1
Project("{E24C65DC-7377-472B-9ABA-BC803B73C61A}") = "GenEneProyectoASP_LFFG", "GenEneProyectoASP_LFFG\", "{61ADF07C-8710-3372-E86F-988F21FDEF65}"
	ProjectSection(WebsiteProperties) = preProject
		TargetFrameworkMoniker = ".NETFramework,Version%3Dv4.8.1"
		Debug.AspNetCompiler.VirtualPath = "/localhost_52775"
		Debug.AspNetCompiler.PhysicalPath = "GenEneProyectoASP_LFFG\"
		Debug.AspNetCompiler.TargetPath = "PrecompiledWeb\localhost_52775\"
		Debug.AspNetCompiler.Updateable = "true"
		Debug.AspNetCompiler.ForceOverwrite = "true"
		Debug.AspNetCompiler.FixedNames = "false"
		Debug.AspNetCompiler.Debug = "True"
		Release.AspNetCompiler.VirtualPath = "/localhost_52775"
		Release.AspNetCompiler.PhysicalPath = "GenEneProyectoASP_LFFG\"
		Release.AspNetCompiler.TargetPath = "PrecompiledWeb\localhost_52775\"
		Release.AspNetCompiler.Updateable = "true"
		Release.AspNetCompiler.ForceOverwrite = "true"
		Release.AspNetCompiler.FixedNames = "false"
		Release.AspNetCompiler.Debug = "False"
		VWDPort = "52775"
		SlnRelativePath = "GenEneProyectoASP_LFFG\"
		DefaultWebSiteLanguage = "Visual C#"
	EndProjectSection
EndProject
Global
	GlobalSection(SolutionConfigurationPlatforms) = preSolution
		Debug|Any CPU = Debug|Any CPU
	EndGlobalSection
	GlobalSection(ProjectConfigurationPlatforms) = postSolution
		{61ADF07C-8710-3372-E86F-988F21FDEF65}.Debug|Any CPU.ActiveCfg = Debug|Any CPU
		{61ADF07C-8710-3372-E86F-988F21FDEF65}.Debug|Any CPU.Build.0 = Debug|Any CPU
	EndGlobalSection
	GlobalSection(SolutionProperties) = preSolution
		HideSolutionNode = FALSE
	EndGlobalSection
	GlobalSection(ExtensibilityGlobals) = postSolution
		SolutionGuid = {7DF2CBFE-A94D-4D45-BC22-31D74AB3696E}
	EndGlobalSection
EndGlobal
